
Microsoft Visual Studio Solution File, Format Version 12.00
# Visual Studio 15
VisualStudioVersion = 15.0.26124.0
MinimumVisualStudioVersion = 15.0.26124.0
Project("{2150E333-8FDC-42A3-9474-1A3956D46DE8}") = "src", "src", "{9CFF5B30-B56C-491E-9F8E-618839F89672}"
EndProject
Project("{FAE04EC0-301F-11D3-BF4B-00C04F79EFBC}") = "Ataoge.Core", "src\Ataoge.Core\Ataoge.Core.csproj", "{D40D25FF-A0D0-4394-B665-6FC2F407647A}"
EndProject
Project("{FAE04EC0-301F-11D3-BF4B-00C04F79EFBC}") = "Ataoge.AspNetCore", "src\Ataoge.AspNetCore\Ataoge.AspNetCore.csproj", "{4C20DC67-E330-4383-9059-5DF58C5DDF83}"
EndProject
Project("{FAE04EC0-301F-11D3-BF4B-00C04F79EFBC}") = "Ataoge.EntityFrameworkCore", "src\Ataoge.EntityFrameworkCore\Ataoge.EntityFrameworkCore.csproj", "{59EA95DF-5BC5-4B63-BBF2-A9DEBEB3B22B}"
EndProject
Project("{2150E333-8FDC-42A3-9474-1A3956D46DE8}") = "tests", "tests", "{3A68D3DD-A31A-4EDE-94C0-3D755B660E13}"
EndProject
Project("{FAE04EC0-301F-11D3-BF4B-00C04F79EFBC}") = "Ataoge.Core.Tests", "tests\Ataoge.Core.Tests\Ataoge.Core.Tests.csproj", "{2FEE0AB2-8B4E-4696-BC01-6394F14F80DC}"
EndProject
Project("{FAE04EC0-301F-11D3-BF4B-00C04F79EFBC}") = "Ataoge.EntityFrameworkCore.Tests", "tests\Ataoge.EntityFrameworkCore.Tests\Ataoge.EntityFrameworkCore.Tests.csproj", "{464AB9E7-5B0E-4903-9F97-9EAC48BF196D}"
EndProject
Project("{FAE04EC0-301F-11D3-BF4B-00C04F79EFBC}") = "Ataoge.AutoMapper", "src\Ataoge.AutoMapper\Ataoge.AutoMapper.csproj", "{55640440-56D4-4EBE-B5F9-6265B477E78C}"
EndProject
Project("{FAE04EC0-301F-11D3-BF4B-00C04F79EFBC}") = "Ataoge.GisCore", "src\Ataoge.GisCore\Ataoge.GisCore.csproj", "{865FA619-7C3C-414A-9F83-616153D51702}"
EndProject
Project("{FAE04EC0-301F-11D3-BF4B-00C04F79EFBC}") = "Ataoge.AutoMapper.Tests", "tests\Ataoge.AutoMapper.Tests\Ataoge.AutoMapper.Tests.csproj", "{A093358B-7B41-4203-874A-942B6A66FDBA}"
EndProject
Project("{FAE04EC0-301F-11D3-BF4B-00C04F79EFBC}") = "Ataoge.AspNetCore.Tests", "tests\Ataoge.AspNetCore.Tests\Ataoge.AspNetCore.Tests.csproj", "{BE792718-347E-4B66-AA08-0DB98678EDF4}"
EndProject
Project("{FAE04EC0-301F-11D3-BF4B-00C04F79EFBC}") = "Ataoge.GisCore.Tests", "tests\Ataoge.GisCore.Tests\Ataoge.GisCore.Tests.csproj", "{8EAEE906-BBFD-4CFE-9A76-CB750DD73F1D}"
EndProject
Project("{FAE04EC0-301F-11D3-BF4B-00C04F79EFBC}") = "Ataoge.NServiceBus", "src\Ataoge.NServiceBus\Ataoge.NServiceBus.csproj", "{A67226AE-DAC4-4E5C-87F4-6EEA06E27606}"
EndProject
Project("{FAE04EC0-301F-11D3-BF4B-00C04F79EFBC}") = "Ataoge.EventBus", "src\Ataoge.EventBus\Ataoge.EventBus.csproj", "{2B534643-4201-481C-9964-A69795DBA005}"
EndProject
Project("{FAE04EC0-301F-11D3-BF4B-00C04F79EFBC}") = "Ataoge.EventBus.RabbitMQ", "src\Ataoge.EventBus.RabbitMQ\Ataoge.EventBus.RabbitMQ.csproj", "{57ECA982-887B-49DB-8A31-90430487902B}"
EndProject
Project("{FAE04EC0-301F-11D3-BF4B-00C04F79EFBC}") = "Ataoge.EventBus.EfCore", "src\Ataoge.EventBus.EfCore\Ataoge.EventBus.EfCore.csproj", "{C57B4C75-00CC-4009-ACEA-2FC8DE539480}"
EndProject
Project("{FAE04EC0-301F-11D3-BF4B-00C04F79EFBC}") = "Ataoge.EventBus.Dashboard", "src\Ataoge.EventBus.Dashboard\Ataoge.EventBus.Dashboard.csproj", "{7FA78ACC-2FC0-4671-8D03-F62FABF213DF}"
EndProject
Project("{FAE04EC0-301F-11D3-BF4B-00C04F79EFBC}") = "Ataoge.EventBus.DashboardTest", "tests\Ataoge.EventBus.DashboardTest\Ataoge.EventBus.DashboardTest.csproj", "{C5AA1BA7-6872-499B-A299-1FCB5D5C6680}"
EndProject
Project("{FAE04EC0-301F-11D3-BF4B-00C04F79EFBC}") = "Ataoge.Serialization.Protobuf", "src\Ataoge.Serialization.Protobuf\Ataoge.Serialization.Protobuf.csproj", "{4B3E1D08-F5C0-4DDA-A15F-8970BDD30672}"
EndProject
Global
	GlobalSection(SolutionConfigurationPlatforms) = preSolution
		Debug|Any CPU = Debug|Any CPU
		Debug|x64 = Debug|x64
		Debug|x86 = Debug|x86
		Release|Any CPU = Release|Any CPU
		Release|x64 = Release|x64
		Release|x86 = Release|x86
	EndGlobalSection
	GlobalSection(SolutionProperties) = preSolution
		HideSolutionNode = FALSE
	EndGlobalSection
	GlobalSection(ProjectConfigurationPlatforms) = postSolution
		{D40D25FF-A0D0-4394-B665-6FC2F407647A}.Debug|Any CPU.ActiveCfg = Debug|Any CPU
		{D40D25FF-A0D0-4394-B665-6FC2F407647A}.Debug|Any CPU.Build.0 = Debug|Any CPU
		{D40D25FF-A0D0-4394-B665-6FC2F407647A}.Debug|x64.ActiveCfg = Debug|x64
		{D40D25FF-A0D0-4394-B665-6FC2F407647A}.Debug|x64.Build.0 = Debug|x64
		{D40D25FF-A0D0-4394-B665-6FC2F407647A}.Debug|x86.ActiveCfg = Debug|x86
		{D40D25FF-A0D0-4394-B665-6FC2F407647A}.Debug|x86.Build.0 = Debug|x86
		{D40D25FF-A0D0-4394-B665-6FC2F407647A}.Release|Any CPU.ActiveCfg = Release|Any CPU
		{D40D25FF-A0D0-4394-B665-6FC2F407647A}.Release|Any CPU.Build.0 = Release|Any CPU
		{D40D25FF-A0D0-4394-B665-6FC2F407647A}.Release|x64.ActiveCfg = Release|x64
		{D40D25FF-A0D0-4394-B665-6FC2F407647A}.Release|x64.Build.0 = Release|x64
		{D40D25FF-A0D0-4394-B665-6FC2F407647A}.Release|x86.ActiveCfg = Release|x86
		{D40D25FF-A0D0-4394-B665-6FC2F407647A}.Release|x86.Build.0 = Release|x86
		{4C20DC67-E330-4383-9059-5DF58C5DDF83}.Debug|Any CPU.ActiveCfg = Debug|Any CPU
		{4C20DC67-E330-4383-9059-5DF58C5DDF83}.Debug|Any CPU.Build.0 = Debug|Any CPU
		{4C20DC67-E330-4383-9059-5DF58C5DDF83}.Debug|x64.ActiveCfg = Debug|x64
		{4C20DC67-E330-4383-9059-5DF58C5DDF83}.Debug|x64.Build.0 = Debug|x64
		{4C20DC67-E330-4383-9059-5DF58C5DDF83}.Debug|x86.ActiveCfg = Debug|x86
		{4C20DC67-E330-4383-9059-5DF58C5DDF83}.Debug|x86.Build.0 = Debug|x86
		{4C20DC67-E330-4383-9059-5DF58C5DDF83}.Release|Any CPU.ActiveCfg = Release|Any CPU
		{4C20DC67-E330-4383-9059-5DF58C5DDF83}.Release|Any CPU.Build.0 = Release|Any CPU
		{4C20DC67-E330-4383-9059-5DF58C5DDF83}.Release|x64.ActiveCfg = Release|x64
		{4C20DC67-E330-4383-9059-5DF58C5DDF83}.Release|x64.Build.0 = Release|x64
		{4C20DC67-E330-4383-9059-5DF58C5DDF83}.Release|x86.ActiveCfg = Release|x86
		{4C20DC67-E330-4383-9059-5DF58C5DDF83}.Release|x86.Build.0 = Release|x86
		{59EA95DF-5BC5-4B63-BBF2-A9DEBEB3B22B}.Debug|Any CPU.ActiveCfg = Debug|Any CPU
		{59EA95DF-5BC5-4B63-BBF2-A9DEBEB3B22B}.Debug|Any CPU.Build.0 = Debug|Any CPU
		{59EA95DF-5BC5-4B63-BBF2-A9DEBEB3B22B}.Debug|x64.ActiveCfg = Debug|x64
		{59EA95DF-5BC5-4B63-BBF2-A9DEBEB3B22B}.Debug|x64.Build.0 = Debug|x64
		{59EA95DF-5BC5-4B63-BBF2-A9DEBEB3B22B}.Debug|x86.ActiveCfg = Debug|x86
		{59EA95DF-5BC5-4B63-BBF2-A9DEBEB3B22B}.Debug|x86.Build.0 = Debug|x86
		{59EA95DF-5BC5-4B63-BBF2-A9DEBEB3B22B}.Release|Any CPU.ActiveCfg = Release|Any CPU
		{59EA95DF-5BC5-4B63-BBF2-A9DEBEB3B22B}.Release|Any CPU.Build.0 = Release|Any CPU
		{59EA95DF-5BC5-4B63-BBF2-A9DEBEB3B22B}.Release|x64.ActiveCfg = Release|x64
		{59EA95DF-5BC5-4B63-BBF2-A9DEBEB3B22B}.Release|x64.Build.0 = Release|x64
		{59EA95DF-5BC5-4B63-BBF2-A9DEBEB3B22B}.Release|x86.ActiveCfg = Release|x86
		{59EA95DF-5BC5-4B63-BBF2-A9DEBEB3B22B}.Release|x86.Build.0 = Release|x86
		{2FEE0AB2-8B4E-4696-BC01-6394F14F80DC}.Debug|Any CPU.ActiveCfg = Debug|Any CPU
		{2FEE0AB2-8B4E-4696-BC01-6394F14F80DC}.Debug|Any CPU.Build.0 = Debug|Any CPU
		{2FEE0AB2-8B4E-4696-BC01-6394F14F80DC}.Debug|x64.ActiveCfg = Debug|x64
		{2FEE0AB2-8B4E-4696-BC01-6394F14F80DC}.Debug|x64.Build.0 = Debug|x64
		{2FEE0AB2-8B4E-4696-BC01-6394F14F80DC}.Debug|x86.ActiveCfg = Debug|x86
		{2FEE0AB2-8B4E-4696-BC01-6394F14F80DC}.Debug|x86.Build.0 = Debug|x86
		{2FEE0AB2-8B4E-4696-BC01-6394F14F80DC}.Release|Any CPU.ActiveCfg = Release|Any CPU
		{2FEE0AB2-8B4E-4696-BC01-6394F14F80DC}.Release|Any CPU.Build.0 = Release|Any CPU
		{2FEE0AB2-8B4E-4696-BC01-6394F14F80DC}.Release|x64.ActiveCfg = Release|x64
		{2FEE0AB2-8B4E-4696-BC01-6394F14F80DC}.Release|x64.Build.0 = Release|x64
		{2FEE0AB2-8B4E-4696-BC01-6394F14F80DC}.Release|x86.ActiveCfg = Release|x86
		{2FEE0AB2-8B4E-4696-BC01-6394F14F80DC}.Release|x86.Build.0 = Release|x86
		{464AB9E7-5B0E-4903-9F97-9EAC48BF196D}.Debug|Any CPU.ActiveCfg = Debug|Any CPU
		{464AB9E7-5B0E-4903-9F97-9EAC48BF196D}.Debug|Any CPU.Build.0 = Debug|Any CPU
		{464AB9E7-5B0E-4903-9F97-9EAC48BF196D}.Debug|x64.ActiveCfg = Debug|x64
		{464AB9E7-5B0E-4903-9F97-9EAC48BF196D}.Debug|x64.Build.0 = Debug|x64
		{464AB9E7-5B0E-4903-9F97-9EAC48BF196D}.Debug|x86.ActiveCfg = Debug|x86
		{464AB9E7-5B0E-4903-9F97-9EAC48BF196D}.Debug|x86.Build.0 = Debug|x86
		{464AB9E7-5B0E-4903-9F97-9EAC48BF196D}.Release|Any CPU.ActiveCfg = Release|Any CPU
		{464AB9E7-5B0E-4903-9F97-9EAC48BF196D}.Release|Any CPU.Build.0 = Release|Any CPU
		{464AB9E7-5B0E-4903-9F97-9EAC48BF196D}.Release|x64.ActiveCfg = Release|x64
		{464AB9E7-5B0E-4903-9F97-9EAC48BF196D}.Release|x64.Build.0 = Release|x64
		{464AB9E7-5B0E-4903-9F97-9EAC48BF196D}.Release|x86.ActiveCfg = Release|x86
		{464AB9E7-5B0E-4903-9F97-9EAC48BF196D}.Release|x86.Build.0 = Release|x86
		{55640440-56D4-4EBE-B5F9-6265B477E78C}.Debug|Any CPU.ActiveCfg = Debug|Any CPU
		{55640440-56D4-4EBE-B5F9-6265B477E78C}.Debug|Any CPU.Build.0 = Debug|Any CPU
		{55640440-56D4-4EBE-B5F9-6265B477E78C}.Debug|x64.ActiveCfg = Debug|x64
		{55640440-56D4-4EBE-B5F9-6265B477E78C}.Debug|x64.Build.0 = Debug|x64
		{55640440-56D4-4EBE-B5F9-6265B477E78C}.Debug|x86.ActiveCfg = Debug|x86
		{55640440-56D4-4EBE-B5F9-6265B477E78C}.Debug|x86.Build.0 = Debug|x86
		{55640440-56D4-4EBE-B5F9-6265B477E78C}.Release|Any CPU.ActiveCfg = Release|Any CPU
		{55640440-56D4-4EBE-B5F9-6265B477E78C}.Release|Any CPU.Build.0 = Release|Any CPU
		{55640440-56D4-4EBE-B5F9-6265B477E78C}.Release|x64.ActiveCfg = Release|x64
		{55640440-56D4-4EBE-B5F9-6265B477E78C}.Release|x64.Build.0 = Release|x64
		{55640440-56D4-4EBE-B5F9-6265B477E78C}.Release|x86.ActiveCfg = Release|x86
		{55640440-56D4-4EBE-B5F9-6265B477E78C}.Release|x86.Build.0 = Release|x86
		{865FA619-7C3C-414A-9F83-616153D51702}.Debug|Any CPU.ActiveCfg = Debug|Any CPU
		{865FA619-7C3C-414A-9F83-616153D51702}.Debug|Any CPU.Build.0 = Debug|Any CPU
		{865FA619-7C3C-414A-9F83-616153D51702}.Debug|x64.ActiveCfg = Debug|x64
		{865FA619-7C3C-414A-9F83-616153D51702}.Debug|x64.Build.0 = Debug|x64
		{865FA619-7C3C-414A-9F83-616153D51702}.Debug|x86.ActiveCfg = Debug|x86
		{865FA619-7C3C-414A-9F83-616153D51702}.Debug|x86.Build.0 = Debug|x86
		{865FA619-7C3C-414A-9F83-616153D51702}.Release|Any CPU.ActiveCfg = Release|Any CPU
		{865FA619-7C3C-414A-9F83-616153D51702}.Release|Any CPU.Build.0 = Release|Any CPU
		{865FA619-7C3C-414A-9F83-616153D51702}.Release|x64.ActiveCfg = Release|x64
		{865FA619-7C3C-414A-9F83-616153D51702}.Release|x64.Build.0 = Release|x64
		{865FA619-7C3C-414A-9F83-616153D51702}.Release|x86.ActiveCfg = Release|x86
		{865FA619-7C3C-414A-9F83-616153D51702}.Release|x86.Build.0 = Release|x86
		{A093358B-7B41-4203-874A-942B6A66FDBA}.Debug|Any CPU.ActiveCfg = Debug|Any CPU
		{A093358B-7B41-4203-874A-942B6A66FDBA}.Debug|Any CPU.Build.0 = Debug|Any CPU
		{A093358B-7B41-4203-874A-942B6A66FDBA}.Debug|x64.ActiveCfg = Debug|x64
		{A093358B-7B41-4203-874A-942B6A66FDBA}.Debug|x64.Build.0 = Debug|x64
		{A093358B-7B41-4203-874A-942B6A66FDBA}.Debug|x86.ActiveCfg = Debug|x86
		{A093358B-7B41-4203-874A-942B6A66FDBA}.Debug|x86.Build.0 = Debug|x86
		{A093358B-7B41-4203-874A-942B6A66FDBA}.Release|Any CPU.ActiveCfg = Release|Any CPU
		{A093358B-7B41-4203-874A-942B6A66FDBA}.Release|Any CPU.Build.0 = Release|Any CPU
		{A093358B-7B41-4203-874A-942B6A66FDBA}.Release|x64.ActiveCfg = Release|x64
		{A093358B-7B41-4203-874A-942B6A66FDBA}.Release|x64.Build.0 = Release|x64
		{A093358B-7B41-4203-874A-942B6A66FDBA}.Release|x86.ActiveCfg = Release|x86
		{A093358B-7B41-4203-874A-942B6A66FDBA}.Release|x86.Build.0 = Release|x86
		{BE792718-347E-4B66-AA08-0DB98678EDF4}.Debug|Any CPU.ActiveCfg = Debug|Any CPU
		{BE792718-347E-4B66-AA08-0DB98678EDF4}.Debug|Any CPU.Build.0 = Debug|Any CPU
		{BE792718-347E-4B66-AA08-0DB98678EDF4}.Debug|x64.ActiveCfg = Debug|x64
		{BE792718-347E-4B66-AA08-0DB98678EDF4}.Debug|x64.Build.0 = Debug|x64
		{BE792718-347E-4B66-AA08-0DB98678EDF4}.Debug|x86.ActiveCfg = Debug|x86
		{BE792718-347E-4B66-AA08-0DB98678EDF4}.Debug|x86.Build.0 = Debug|x86
		{BE792718-347E-4B66-AA08-0DB98678EDF4}.Release|Any CPU.ActiveCfg = Release|Any CPU
		{BE792718-347E-4B66-AA08-0DB98678EDF4}.Release|Any CPU.Build.0 = Release|Any CPU
		{BE792718-347E-4B66-AA08-0DB98678EDF4}.Release|x64.ActiveCfg = Release|x64
		{BE792718-347E-4B66-AA08-0DB98678EDF4}.Release|x64.Build.0 = Release|x64
		{BE792718-347E-4B66-AA08-0DB98678EDF4}.Release|x86.ActiveCfg = Release|x86
		{BE792718-347E-4B66-AA08-0DB98678EDF4}.Release|x86.Build.0 = Release|x86
		{8EAEE906-BBFD-4CFE-9A76-CB750DD73F1D}.Debug|Any CPU.ActiveCfg = Debug|Any CPU
		{8EAEE906-BBFD-4CFE-9A76-CB750DD73F1D}.Debug|Any CPU.Build.0 = Debug|Any CPU
		{8EAEE906-BBFD-4CFE-9A76-CB750DD73F1D}.Debug|x64.ActiveCfg = Debug|x64
		{8EAEE906-BBFD-4CFE-9A76-CB750DD73F1D}.Debug|x64.Build.0 = Debug|x64
		{8EAEE906-BBFD-4CFE-9A76-CB750DD73F1D}.Debug|x86.ActiveCfg = Debug|x86
		{8EAEE906-BBFD-4CFE-9A76-CB750DD73F1D}.Debug|x86.Build.0 = Debug|x86
		{8EAEE906-BBFD-4CFE-9A76-CB750DD73F1D}.Release|Any CPU.ActiveCfg = Release|Any CPU
		{8EAEE906-BBFD-4CFE-9A76-CB750DD73F1D}.Release|Any CPU.Build.0 = Release|Any CPU
		{8EAEE906-BBFD-4CFE-9A76-CB750DD73F1D}.Release|x64.ActiveCfg = Release|x64
		{8EAEE906-BBFD-4CFE-9A76-CB750DD73F1D}.Release|x64.Build.0 = Release|x64
		{8EAEE906-BBFD-4CFE-9A76-CB750DD73F1D}.Release|x86.ActiveCfg = Release|x86
		{8EAEE906-BBFD-4CFE-9A76-CB750DD73F1D}.Release|x86.Build.0 = Release|x86
		{A67226AE-DAC4-4E5C-87F4-6EEA06E27606}.Debug|Any CPU.ActiveCfg = Debug|Any CPU
		{A67226AE-DAC4-4E5C-87F4-6EEA06E27606}.Debug|Any CPU.Build.0 = Debug|Any CPU
		{A67226AE-DAC4-4E5C-87F4-6EEA06E27606}.Debug|x64.ActiveCfg = Debug|Any CPU
		{A67226AE-DAC4-4E5C-87F4-6EEA06E27606}.Debug|x64.Build.0 = Debug|Any CPU
		{A67226AE-DAC4-4E5C-87F4-6EEA06E27606}.Debug|x86.ActiveCfg = Debug|Any CPU
		{A67226AE-DAC4-4E5C-87F4-6EEA06E27606}.Debug|x86.Build.0 = Debug|Any CPU
		{A67226AE-DAC4-4E5C-87F4-6EEA06E27606}.Release|Any CPU.ActiveCfg = Release|Any CPU
		{A67226AE-DAC4-4E5C-87F4-6EEA06E27606}.Release|Any CPU.Build.0 = Release|Any CPU
		{A67226AE-DAC4-4E5C-87F4-6EEA06E27606}.Release|x64.ActiveCfg = Release|Any CPU
		{A67226AE-DAC4-4E5C-87F4-6EEA06E27606}.Release|x64.Build.0 = Release|Any CPU
		{A67226AE-DAC4-4E5C-87F4-6EEA06E27606}.Release|x86.ActiveCfg = Release|Any CPU
		{A67226AE-DAC4-4E5C-87F4-6EEA06E27606}.Release|x86.Build.0 = Release|Any CPU
		{2B534643-4201-481C-9964-A69795DBA005}.Debug|Any CPU.ActiveCfg = Debug|Any CPU
		{2B534643-4201-481C-9964-A69795DBA005}.Debug|Any CPU.Build.0 = Debug|Any CPU
		{2B534643-4201-481C-9964-A69795DBA005}.Debug|x64.ActiveCfg = Debug|Any CPU
		{2B534643-4201-481C-9964-A69795DBA005}.Debug|x64.Build.0 = Debug|Any CPU
		{2B534643-4201-481C-9964-A69795DBA005}.Debug|x86.ActiveCfg = Debug|Any CPU
		{2B534643-4201-481C-9964-A69795DBA005}.Debug|x86.Build.0 = Debug|Any CPU
		{2B534643-4201-481C-9964-A69795DBA005}.Release|Any CPU.ActiveCfg = Release|Any CPU
		{2B534643-4201-481C-9964-A69795DBA005}.Release|Any CPU.Build.0 = Release|Any CPU
		{2B534643-4201-481C-9964-A69795DBA005}.Release|x64.ActiveCfg = Release|Any CPU
		{2B534643-4201-481C-9964-A69795DBA005}.Release|x64.Build.0 = Release|Any CPU
		{2B534643-4201-481C-9964-A69795DBA005}.Release|x86.ActiveCfg = Release|Any CPU
		{2B534643-4201-481C-9964-A69795DBA005}.Release|x86.Build.0 = Release|Any CPU
		{57ECA982-887B-49DB-8A31-90430487902B}.Debug|Any CPU.ActiveCfg = Debug|Any CPU
		{57ECA982-887B-49DB-8A31-90430487902B}.Debug|Any CPU.Build.0 = Debug|Any CPU
		{57ECA982-887B-49DB-8A31-90430487902B}.Debug|x64.ActiveCfg = Debug|Any CPU
		{57ECA982-887B-49DB-8A31-90430487902B}.Debug|x64.Build.0 = Debug|Any CPU
		{57ECA982-887B-49DB-8A31-90430487902B}.Debug|x86.ActiveCfg = Debug|Any CPU
		{57ECA982-887B-49DB-8A31-90430487902B}.Debug|x86.Build.0 = Debug|Any CPU
		{57ECA982-887B-49DB-8A31-90430487902B}.Release|Any CPU.ActiveCfg = Release|Any CPU
		{57ECA982-887B-49DB-8A31-90430487902B}.Release|Any CPU.Build.0 = Release|Any CPU
		{57ECA982-887B-49DB-8A31-90430487902B}.Release|x64.ActiveCfg = Release|Any CPU
		{57ECA982-887B-49DB-8A31-90430487902B}.Release|x64.Build.0 = Release|Any CPU
		{57ECA982-887B-49DB-8A31-90430487902B}.Release|x86.ActiveCfg = Release|Any CPU
		{57ECA982-887B-49DB-8A31-90430487902B}.Release|x86.Build.0 = Release|Any CPU
		{C57B4C75-00CC-4009-ACEA-2FC8DE539480}.Debug|Any CPU.ActiveCfg = Debug|Any CPU
		{C57B4C75-00CC-4009-ACEA-2FC8DE539480}.Debug|Any CPU.Build.0 = Debug|Any CPU
		{C57B4C75-00CC-4009-ACEA-2FC8DE539480}.Debug|x64.ActiveCfg = Debug|Any CPU
		{C57B4C75-00CC-4009-ACEA-2FC8DE539480}.Debug|x64.Build.0 = Debug|Any CPU
		{C57B4C75-00CC-4009-ACEA-2FC8DE539480}.Debug|x86.ActiveCfg = Debug|Any CPU
		{C57B4C75-00CC-4009-ACEA-2FC8DE539480}.Debug|x86.Build.0 = Debug|Any CPU
		{C57B4C75-00CC-4009-ACEA-2FC8DE539480}.Release|Any CPU.ActiveCfg = Release|Any CPU
		{C57B4C75-00CC-4009-ACEA-2FC8DE539480}.Release|Any CPU.Build.0 = Release|Any CPU
		{C57B4C75-00CC-4009-ACEA-2FC8DE539480}.Release|x64.ActiveCfg = Release|Any CPU
		{C57B4C75-00CC-4009-ACEA-2FC8DE539480}.Release|x64.Build.0 = Release|Any CPU
		{C57B4C75-00CC-4009-ACEA-2FC8DE539480}.Release|x86.ActiveCfg = Release|Any CPU
		{C57B4C75-00CC-4009-ACEA-2FC8DE539480}.Release|x86.Build.0 = Release|Any CPU
		{7FA78ACC-2FC0-4671-8D03-F62FABF213DF}.Debug|Any CPU.ActiveCfg = Debug|Any CPU
		{7FA78ACC-2FC0-4671-8D03-F62FABF213DF}.Debug|Any CPU.Build.0 = Debug|Any CPU
		{7FA78ACC-2FC0-4671-8D03-F62FABF213DF}.Debug|x64.ActiveCfg = Debug|Any CPU
		{7FA78ACC-2FC0-4671-8D03-F62FABF213DF}.Debug|x64.Build.0 = Debug|Any CPU
		{7FA78ACC-2FC0-4671-8D03-F62FABF213DF}.Debug|x86.ActiveCfg = Debug|Any CPU
		{7FA78ACC-2FC0-4671-8D03-F62FABF213DF}.Debug|x86.Build.0 = Debug|Any CPU
		{7FA78ACC-2FC0-4671-8D03-F62FABF213DF}.Release|Any CPU.ActiveCfg = Release|Any CPU
		{7FA78ACC-2FC0-4671-8D03-F62FABF213DF}.Release|Any CPU.Build.0 = Release|Any CPU
		{7FA78ACC-2FC0-4671-8D03-F62FABF213DF}.Release|x64.ActiveCfg = Release|Any CPU
		{7FA78ACC-2FC0-4671-8D03-F62FABF213DF}.Release|x64.Build.0 = Release|Any CPU
		{7FA78ACC-2FC0-4671-8D03-F62FABF213DF}.Release|x86.ActiveCfg = Release|Any CPU
		{7FA78ACC-2FC0-4671-8D03-F62FABF213DF}.Release|x86.Build.0 = Release|Any CPU
		{C5AA1BA7-6872-499B-A299-1FCB5D5C6680}.Debug|Any CPU.ActiveCfg = Debug|Any CPU
		{C5AA1BA7-6872-499B-A299-1FCB5D5C6680}.Debug|Any CPU.Build.0 = Debug|Any CPU
		{C5AA1BA7-6872-499B-A299-1FCB5D5C6680}.Debug|x64.ActiveCfg = Debug|Any CPU
		{C5AA1BA7-6872-499B-A299-1FCB5D5C6680}.Debug|x64.Build.0 = Debug|Any CPU
		{C5AA1BA7-6872-499B-A299-1FCB5D5C6680}.Debug|x86.ActiveCfg = Debug|Any CPU
		{C5AA1BA7-6872-499B-A299-1FCB5D5C6680}.Debug|x86.Build.0 = Debug|Any CPU
		{C5AA1BA7-6872-499B-A299-1FCB5D5C6680}.Release|Any CPU.ActiveCfg = Release|Any CPU
		{C5AA1BA7-6872-499B-A299-1FCB5D5C6680}.Release|Any CPU.Build.0 = Release|Any CPU
		{C5AA1BA7-6872-499B-A299-1FCB5D5C6680}.Release|x64.ActiveCfg = Release|Any CPU
		{C5AA1BA7-6872-499B-A299-1FCB5D5C6680}.Release|x64.Build.0 = Release|Any CPU
		{C5AA1BA7-6872-499B-A299-1FCB5D5C6680}.Release|x86.ActiveCfg = Release|Any CPU
		{C5AA1BA7-6872-499B-A299-1FCB5D5C6680}.Release|x86.Build.0 = Release|Any CPU
		{4B3E1D08-F5C0-4DDA-A15F-8970BDD30672}.Debug|Any CPU.ActiveCfg = Debug|Any CPU
		{4B3E1D08-F5C0-4DDA-A15F-8970BDD30672}.Debug|Any CPU.Build.0 = Debug|Any CPU
		{4B3E1D08-F5C0-4DDA-A15F-8970BDD30672}.Debug|x64.ActiveCfg = Debug|Any CPU
		{4B3E1D08-F5C0-4DDA-A15F-8970BDD30672}.Debug|x64.Build.0 = Debug|Any CPU
		{4B3E1D08-F5C0-4DDA-A15F-8970BDD30672}.Debug|x86.ActiveCfg = Debug|Any CPU
		{4B3E1D08-F5C0-4DDA-A15F-8970BDD30672}.Debug|x86.Build.0 = Debug|Any CPU
		{4B3E1D08-F5C0-4DDA-A15F-8970BDD30672}.Release|Any CPU.ActiveCfg = Release|Any CPU
		{4B3E1D08-F5C0-4DDA-A15F-8970BDD30672}.Release|Any CPU.Build.0 = Release|Any CPU
		{4B3E1D08-F5C0-4DDA-A15F-8970BDD30672}.Release|x64.ActiveCfg = Release|Any CPU
		{4B3E1D08-F5C0-4DDA-A15F-8970BDD30672}.Release|x64.Build.0 = Release|Any CPU
		{4B3E1D08-F5C0-4DDA-A15F-8970BDD30672}.Release|x86.ActiveCfg = Release|Any CPU
		{4B3E1D08-F5C0-4DDA-A15F-8970BDD30672}.Release|x86.Build.0 = Release|Any CPU
	EndGlobalSection
	GlobalSection(NestedProjects) = preSolution
		{D40D25FF-A0D0-4394-B665-6FC2F407647A} = {9CFF5B30-B56C-491E-9F8E-618839F89672}
		{4C20DC67-E330-4383-9059-5DF58C5DDF83} = {9CFF5B30-B56C-491E-9F8E-618839F89672}
		{59EA95DF-5BC5-4B63-BBF2-A9DEBEB3B22B} = {9CFF5B30-B56C-491E-9F8E-618839F89672}
		{2FEE0AB2-8B4E-4696-BC01-6394F14F80DC} = {3A68D3DD-A31A-4EDE-94C0-3D755B660E13}
		{464AB9E7-5B0E-4903-9F97-9EAC48BF196D} = {3A68D3DD-A31A-4EDE-94C0-3D755B660E13}
		{55640440-56D4-4EBE-B5F9-6265B477E78C} = {9CFF5B30-B56C-491E-9F8E-618839F89672}
		{865FA619-7C3C-414A-9F83-616153D51702} = {9CFF5B30-B56C-491E-9F8E-618839F89672}
		{A093358B-7B41-4203-874A-942B6A66FDBA} = {3A68D3DD-A31A-4EDE-94C0-3D755B660E13}
		{BE792718-347E-4B66-AA08-0DB98678EDF4} = {3A68D3DD-A31A-4EDE-94C0-3D755B660E13}
		{8EAEE906-BBFD-4CFE-9A76-CB750DD73F1D} = {3A68D3DD-A31A-4EDE-94C0-3D755B660E13}
		{A67226AE-DAC4-4E5C-87F4-6EEA06E27606} = {9CFF5B30-B56C-491E-9F8E-618839F89672}
		{2B534643-4201-481C-9964-A69795DBA005} = {9CFF5B30-B56C-491E-9F8E-618839F89672}
		{57ECA982-887B-49DB-8A31-90430487902B} = {9CFF5B30-B56C-491E-9F8E-618839F89672}
		{C57B4C75-00CC-4009-ACEA-2FC8DE539480} = {9CFF5B30-B56C-491E-9F8E-618839F89672}
		{7FA78ACC-2FC0-4671-8D03-F62FABF213DF} = {9CFF5B30-B56C-491E-9F8E-618839F89672}
		{C5AA1BA7-6872-499B-A299-1FCB5D5C6680} = {3A68D3DD-A31A-4EDE-94C0-3D755B660E13}
		{4B3E1D08-F5C0-4DDA-A15F-8970BDD30672} = {9CFF5B30-B56C-491E-9F8E-618839F89672}
	EndGlobalSection
EndGlobal
